
Microsoft Visual Studio Solution File, Format Version 12.00
# Visual Studio 14
VisualStudioVersion = 14.0.25420.1
MinimumVisualStudioVersion = 10.0.40219.1
Project("{FAE04EC0-301F-11D3-BF4B-00C04F79EFBC}") = "EF", "EF\EF.csproj", "{64912216-3124-4F23-A979-E23CF46DA805}"
EndProject
Project("{FAE04EC0-301F-11D3-BF4B-00C04F79EFBC}") = "DAL", "DAL\DAL.csproj", "{8243280B-3277-4933-A782-E62A57B936BF}"
EndProject
Project("{FAE04EC0-301F-11D3-BF4B-00C04F79EFBC}") = "AlmajdCMS", "PersonalityCMS\AlmajdCMS.csproj", "{C1D79B54-7BF7-43BB-AF31-70241202F3E6}"
EndProject
Project("{E24C65DC-7377-472B-9ABA-BC803B73C61A}") = "ui-almajded", "ui-almajded\", "{FDA04968-6A21-429D-916F-59C6108F6BE9}"
	ProjectSection(WebsiteProperties) = preProject
		TargetFrameworkMoniker = ".NETFramework,Version%3Dv4.0"
		Debug.AspNetCompiler.VirtualPath = "/localhost_55411"
		Debug.AspNetCompiler.PhysicalPath = "ui-almajded\"
		Debug.AspNetCompiler.TargetPath = "PrecompiledWeb\localhost_55411\"
		Debug.AspNetCompiler.Updateable = "true"
		Debug.AspNetCompiler.ForceOverwrite = "true"
		Debug.AspNetCompiler.FixedNames = "false"
		Debug.AspNetCompiler.Debug = "True"
		Release.AspNetCompiler.VirtualPath = "/localhost_55411"
		Release.AspNetCompiler.PhysicalPath = "ui-almajded\"
		Release.AspNetCompiler.TargetPath = "PrecompiledWeb\localhost_55411\"
		Release.AspNetCompiler.Updateable = "true"
		Release.AspNetCompiler.ForceOverwrite = "true"
		Release.AspNetCompiler.FixedNames = "false"
		Release.AspNetCompiler.Debug = "False"
		VWDPort = "55411"
		SlnRelativePath = "ui-almajded\"
	EndProjectSection
EndProject
Global
	GlobalSection(SolutionConfigurationPlatforms) = preSolution
		Debug|Any CPU = Debug|Any CPU
		Release|Any CPU = Release|Any CPU
	EndGlobalSection
	GlobalSection(ProjectConfigurationPlatforms) = postSolution
		{64912216-3124-4F23-A979-E23CF46DA805}.Debug|Any CPU.ActiveCfg = Debug|Any CPU
		{64912216-3124-4F23-A979-E23CF46DA805}.Debug|Any CPU.Build.0 = Debug|Any CPU
		{64912216-3124-4F23-A979-E23CF46DA805}.Release|Any CPU.ActiveCfg = Release|Any CPU
		{64912216-3124-4F23-A979-E23CF46DA805}.Release|Any CPU.Build.0 = Release|Any CPU
		{8243280B-3277-4933-A782-E62A57B936BF}.Debug|Any CPU.ActiveCfg = Debug|Any CPU
		{8243280B-3277-4933-A782-E62A57B936BF}.Debug|Any CPU.Build.0 = Debug|Any CPU
		{8243280B-3277-4933-A782-E62A57B936BF}.Release|Any CPU.ActiveCfg = Release|Any CPU
		{8243280B-3277-4933-A782-E62A57B936BF}.Release|Any CPU.Build.0 = Release|Any CPU
		{C1D79B54-7BF7-43BB-AF31-70241202F3E6}.Debug|Any CPU.ActiveCfg = Debug|Any CPU
		{C1D79B54-7BF7-43BB-AF31-70241202F3E6}.Debug|Any CPU.Build.0 = Debug|Any CPU
		{C1D79B54-7BF7-43BB-AF31-70241202F3E6}.Release|Any CPU.ActiveCfg = Release|Any CPU
		{C1D79B54-7BF7-43BB-AF31-70241202F3E6}.Release|Any CPU.Build.0 = Release|Any CPU
		{FDA04968-6A21-429D-916F-59C6108F6BE9}.Debug|Any CPU.ActiveCfg = Debug|Any CPU
		{FDA04968-6A21-429D-916F-59C6108F6BE9}.Debug|Any CPU.Build.0 = Debug|Any CPU
		{FDA04968-6A21-429D-916F-59C6108F6BE9}.Release|Any CPU.ActiveCfg = Debug|Any CPU
		{FDA04968-6A21-429D-916F-59C6108F6BE9}.Release|Any CPU.Build.0 = Debug|Any CPU
	EndGlobalSection
	GlobalSection(SolutionProperties) = preSolution
		HideSolutionNode = FALSE
	EndGlobalSection
EndGlobal
